
Microsoft Visual Studio Solution File, Format Version 11.00
# Visual Studio 2010
Project("{FAE04EC0-301F-11D3-BF4B-00C04F79EFBC}") = "CodeInSharp", "CodeInSharp\CodeInSharp.csproj", "{3EE94718-18F4-4779-8959-5DAF2C9720C0}"
EndProject
Project("{2150E333-8FDC-42A3-9474-1A3956D46DE8}") = "Solution Items", "Solution Items", "{FA78C9E8-484D-4B58-94C4-DCA77DDBCD52}"
	ProjectSection(SolutionItems) = preProject
		CCSolutions.vsmdi = CCSolutions.vsmdi
		Local.testsettings = Local.testsettings
		TraceAndTestImpact.testsettings = TraceAndTestImpact.testsettings
	EndProjectSection
EndProject
Project("{888888A0-9F3D-457C-B088-3A5042F75D52}") = "CodeInPython", "CodeInPython\CodeInPython.pyproj", "{6DC0DA3E-16B2-460E-8AB0-944D35082317}"
EndProject
Global
	GlobalSection(TestCaseManagementSettings) = postSolution
		CategoryFile = CCSolutions.vsmdi
	EndGlobalSection
	GlobalSection(SolutionConfigurationPlatforms) = preSolution
		Debug|Any CPU = Debug|Any CPU
		Release|Any CPU = Release|Any CPU
	EndGlobalSection
	GlobalSection(ProjectConfigurationPlatforms) = postSolution
		{3EE94718-18F4-4779-8959-5DAF2C9720C0}.Debug|Any CPU.ActiveCfg = Debug|Any CPU
		{3EE94718-18F4-4779-8959-5DAF2C9720C0}.Debug|Any CPU.Build.0 = Debug|Any CPU
		{3EE94718-18F4-4779-8959-5DAF2C9720C0}.Release|Any CPU.ActiveCfg = Release|Any CPU
		{3EE94718-18F4-4779-8959-5DAF2C9720C0}.Release|Any CPU.Build.0 = Release|Any CPU
		{6DC0DA3E-16B2-460E-8AB0-944D35082317}.Debug|Any CPU.ActiveCfg = Debug|Any CPU
		{6DC0DA3E-16B2-460E-8AB0-944D35082317}.Release|Any CPU.ActiveCfg = Release|Any CPU
	EndGlobalSection
	GlobalSection(SolutionProperties) = preSolution
		HideSolutionNode = FALSE
	EndGlobalSection
EndGlobal
